
Microsoft Visual Studio Solution File, Format Version 12.00
# Visual Studio Version 16
VisualStudioVersion = 16.0.30309.148
MinimumVisualStudioVersion = 10.0.40219.1
Project("{FAE04EC0-301F-11D3-BF4B-00C04F79EFBC}") = "ExcelFuntions", "ExcelFuntions\ExcelFuntions.csproj", "{1BEFD838-50E2-4D2E-9887-09BC02067DF0}"
EndProject
Project("{FAE04EC0-301F-11D3-BF4B-00C04F79EFBC}") = "ExcelAddIn", "ExcelAddIn\ExcelAddIn.csproj", "{44C65850-3727-4FAE-A2B4-081B46D63904}"
EndProject
Global
	GlobalSection(SolutionConfigurationPlatforms) = preSolution
		Debug|Any CPU = Debug|Any CPU
		Release|Any CPU = Release|Any CPU
	EndGlobalSection
	GlobalSection(ProjectConfigurationPlatforms) = postSolution
		{1BEFD838-50E2-4D2E-9887-09BC02067DF0}.Debug|Any CPU.ActiveCfg = Debug|Any CPU
		{1BEFD838-50E2-4D2E-9887-09BC02067DF0}.Debug|Any CPU.Build.0 = Debug|Any CPU
		{1BEFD838-50E2-4D2E-9887-09BC02067DF0}.Release|Any CPU.ActiveCfg = Release|Any CPU
		{1BEFD838-50E2-4D2E-9887-09BC02067DF0}.Release|Any CPU.Build.0 = Release|Any CPU
		{44C65850-3727-4FAE-A2B4-081B46D63904}.Debug|Any CPU.ActiveCfg = Debug|Any CPU
		{44C65850-3727-4FAE-A2B4-081B46D63904}.Debug|Any CPU.Build.0 = Debug|Any CPU
		{44C65850-3727-4FAE-A2B4-081B46D63904}.Release|Any CPU.ActiveCfg = Release|Any CPU
		{44C65850-3727-4FAE-A2B4-081B46D63904}.Release|Any CPU.Build.0 = Release|Any CPU
	EndGlobalSection
	GlobalSection(SolutionProperties) = preSolution
		HideSolutionNode = FALSE
	EndGlobalSection
	GlobalSection(ExtensibilityGlobals) = postSolution
		SolutionGuid = {0DB26AB9-984A-448D-AA1D-B12E987B9EAA}
	EndGlobalSection
EndGlobal
